
Microsoft Visual Studio Solution File, Format Version 12.00
# Visual Studio Version 17
VisualStudioVersion = 17.3.32728.150
MinimumVisualStudioVersion = 10.0.40219.1
Project("{FAE04EC0-301F-11D3-BF4B-00C04F79EFBC}") = "IsolatedFunctionApp.AuthenticationAzureAd", "IsolatedFunctionApp.AuthenticationAzureAd\IsolatedFunctionApp.AuthenticationAzureAd.csproj", "{C6257C41-E5B4-4D02-A520-625647AEEDD2}"
EndProject
Global
	GlobalSection(SolutionConfigurationPlatforms) = preSolution
		Debug|Any CPU = Debug|Any CPU
		Release|Any CPU = Release|Any CPU
	EndGlobalSection
	GlobalSection(ProjectConfigurationPlatforms) = postSolution
		{C6257C41-E5B4-4D02-A520-625647AEEDD2}.Debug|Any CPU.ActiveCfg = Debug|Any CPU
		{C6257C41-E5B4-4D02-A520-625647AEEDD2}.Debug|Any CPU.Build.0 = Debug|Any CPU
		{C6257C41-E5B4-4D02-A520-625647AEEDD2}.Release|Any CPU.ActiveCfg = Release|Any CPU
		{C6257C41-E5B4-4D02-A520-625647AEEDD2}.Release|Any CPU.Build.0 = Release|Any CPU
	EndGlobalSection
	GlobalSection(SolutionProperties) = preSolution
		HideSolutionNode = FALSE
	EndGlobalSection
	GlobalSection(ExtensibilityGlobals) = postSolution
		SolutionGuid = {8656B61C-7848-43AD-861E-11C06F8FE906}
	EndGlobalSection
EndGlobal
